// !$*UTF8*$!
{
	archiveVersion = 1;
	classes = {
	};
	objectVersion = 46;
	objects = {

/* Begin PBXBuildFile section */
		CA1C182D14B9F52A008BC44D /* libzbar.a in Frameworks */ = {isa = PBXBuildFile; fileRef = CA1C182714B9F52A008BC44D /* libzbar.a */; };
		CA1C182E14B9F52A008BC44D /* zbar-back.png in Resources */ = {isa = PBXBuildFile; fileRef = CA1C182914B9F52A008BC44D /* zbar-back.png */; };
		CA1C182F14B9F52A008BC44D /* zbar-help.html in Resources */ = {isa = PBXBuildFile; fileRef = CA1C182A14B9F52A008BC44D /* zbar-help.html */; };
		CA1C183014B9F52A008BC44D /* zbar-helpicons.png in Resources */ = {isa = PBXBuildFile; fileRef = CA1C182B14B9F52A008BC44D /* zbar-helpicons.png */; };
		CA1C183114B9F52A008BC44D /* zbar-samples.png in Resources */ = {isa = PBXBuildFile; fileRef = CA1C182C14B9F52A008BC44D /* zbar-samples.png */; };
		CA570E6C14B54C0F00F9EEF8 /* iCarousel.m in Sources */ = {isa = PBXBuildFile; fileRef = CA570E5014B54C0F00F9EEF8 /* iCarousel.m */; settings = {COMPILER_FLAGS = "-fno-objc-arc"; }; };
		CA570E6D14B54C0F00F9EEF8 /* JBKenBurnsView.m in Sources */ = {isa = PBXBuildFile; fileRef = CA570E5314B54C0F00F9EEF8 /* JBKenBurnsView.m */; settings = {COMPILER_FLAGS = "-fno-objc-arc"; }; };
		CA570E6E14B54C0F00F9EEF8 /* SVProgressHUD.bundle in Resources */ = {isa = PBXBuildFile; fileRef = CA570E5514B54C0F00F9EEF8 /* SVProgressHUD.bundle */; };
		CA570E6F14B54C0F00F9EEF8 /* SVProgressHUD.m in Sources */ = {isa = PBXBuildFile; fileRef = CA570E5714B54C0F00F9EEF8 /* SVProgressHUD.m */; settings = {COMPILER_FLAGS = "-fno-objc-arc"; }; };
		CA570E7014B54C0F00F9EEF8 /* bg_tile@2x.jpg in Resources */ = {isa = PBXBuildFile; fileRef = CA570E5A14B54C0F00F9EEF8 /* bg_tile@2x.jpg */; };
		CA570E7114B54C0F00F9EEF8 /* Default@2x.png in Resources */ = {isa = PBXBuildFile; fileRef = CA570E5B14B54C0F00F9EEF8 /* Default@2x.png */; };
		CA570E7214B54C0F00F9EEF8 /* info@2x.png in Resources */ = {isa = PBXBuildFile; fileRef = CA570E5C14B54C0F00F9EEF8 /* info@2x.png */; };
		CA570E7314B54C0F00F9EEF8 /* NavigationBar@2x.png in Resources */ = {isa = PBXBuildFile; fileRef = CA570E5D14B54C0F00F9EEF8 /* NavigationBar@2x.png */; };
		CA570E7414B54C0F00F9EEF8 /* page.png in Resources */ = {isa = PBXBuildFile; fileRef = CA570E5E14B54C0F00F9EEF8 /* page.png */; };
		CA570E7514B54C0F00F9EEF8 /* 01.jpg in Resources */ = {isa = PBXBuildFile; fileRef = CA570E6014B54C0F00F9EEF8 /* 01.jpg */; };
		CA570E7614B54C0F00F9EEF8 /* 02.jpg in Resources */ = {isa = PBXBuildFile; fileRef = CA570E6114B54C0F00F9EEF8 /* 02.jpg */; };
		CA570E7714B54C0F00F9EEF8 /* 03.jpg in Resources */ = {isa = PBXBuildFile; fileRef = CA570E6214B54C0F00F9EEF8 /* 03.jpg */; };
		CA570E7814B54C0F00F9EEF8 /* 04.jpg in Resources */ = {isa = PBXBuildFile; fileRef = CA570E6314B54C0F00F9EEF8 /* 04.jpg */; };
		CA570E7914B54C0F00F9EEF8 /* 05.jpg in Resources */ = {isa = PBXBuildFile; fileRef = CA570E6414B54C0F00F9EEF8 /* 05.jpg */; };
		CA77416A14CE37E100A83DC7 /* NSURLConnection+Blocks.m in Sources */ = {isa = PBXBuildFile; fileRef = CA77416914CE37E100A83DC7 /* NSURLConnection+Blocks.m */; };
		CA84511714D63E5A00899727 /* Column_TopView.m in Sources */ = {isa = PBXBuildFile; fileRef = CA84511614D63E5A00899727 /* Column_TopView.m */; };
		CADDBCE014B66D42009C842F /* ColumnCell.m in Sources */ = {isa = PBXBuildFile; fileRef = CADDBCDF14B66D42009C842F /* ColumnCell.m */; };
		CAF7733A14B3D96F00CD93C6 /* ColumnViewController.m in Sources */ = {isa = PBXBuildFile; fileRef = CAF7733914B3D96F00CD93C6 /* ColumnViewController.m */; };
		F509160F14D786B7003FDFF4 /* AFHTTPClient.m in Sources */ = {isa = PBXBuildFile; fileRef = F50915FB14D786B7003FDFF4 /* AFHTTPClient.m */; };
		F509161014D786B7003FDFF4 /* AFHTTPRequestOperation.m in Sources */ = {isa = PBXBuildFile; fileRef = F50915FD14D786B7003FDFF4 /* AFHTTPRequestOperation.m */; };
		F509161114D786B7003FDFF4 /* AFImageCache.m in Sources */ = {isa = PBXBuildFile; fileRef = F50915FF14D786B7003FDFF4 /* AFImageCache.m */; };
		F509161214D786B7003FDFF4 /* AFImageRequestOperation.m in Sources */ = {isa = PBXBuildFile; fileRef = F509160114D786B7003FDFF4 /* AFImageRequestOperation.m */; };
		F509161314D786B7003FDFF4 /* AFJSONRequestOperation.m in Sources */ = {isa = PBXBuildFile; fileRef = F509160314D786B7003FDFF4 /* AFJSONRequestOperation.m */; };
		F509161414D786B7003FDFF4 /* AFNetworkActivityIndicatorManager.m in Sources */ = {isa = PBXBuildFile; fileRef = F509160514D786B7003FDFF4 /* AFNetworkActivityIndicatorManager.m */; };
		F509161514D786B7003FDFF4 /* AFPropertyListRequestOperation.m in Sources */ = {isa = PBXBuildFile; fileRef = F509160814D786B7003FDFF4 /* AFPropertyListRequestOperation.m */; };
		F509161614D786B7003FDFF4 /* AFURLConnectionOperation.m in Sources */ = {isa = PBXBuildFile; fileRef = F509160A14D786B7003FDFF4 /* AFURLConnectionOperation.m */; };
		F509161714D786B7003FDFF4 /* AFXMLRequestOperation.m in Sources */ = {isa = PBXBuildFile; fileRef = F509160C14D786B7003FDFF4 /* AFXMLRequestOperation.m */; };
		F509161814D786B7003FDFF4 /* UIImageView+AFNetworking.m in Sources */ = {isa = PBXBuildFile; fileRef = F509160E14D786B7003FDFF4 /* UIImageView+AFNetworking.m */; };
		F565C18614904F1C0064948D /* UIKit.framework in Frameworks */ = {isa = PBXBuildFile; fileRef = F565C18514904F1C0064948D /* UIKit.framework */; };
		F565C18814904F1C0064948D /* Foundation.framework in Frameworks */ = {isa = PBXBuildFile; fileRef = F565C18714904F1C0064948D /* Foundation.framework */; };
		F565C18A14904F1C0064948D /* CoreGraphics.framework in Frameworks */ = {isa = PBXBuildFile; fileRef = F565C18914904F1C0064948D /* CoreGraphics.framework */; };
		F565C19014904F1C0064948D /* InfoPlist.strings in Resources */ = {isa = PBXBuildFile; fileRef = F565C18E14904F1C0064948D /* InfoPlist.strings */; };
		F565C19214904F1C0064948D /* main.m in Sources */ = {isa = PBXBuildFile; fileRef = F565C19114904F1C0064948D /* main.m */; };
		F565C19614904F1C0064948D /* AppDelegate.m in Sources */ = {isa = PBXBuildFile; fileRef = F565C19514904F1C0064948D /* AppDelegate.m */; };
		F565C19914904F1C0064948D /* MainViewController.m in Sources */ = {isa = PBXBuildFile; fileRef = F565C19814904F1C0064948D /* MainViewController.m */; };
		F565C1A81490543E0064948D /* ChairsCollectionViewController.m in Sources */ = {isa = PBXBuildFile; fileRef = F565C1A71490543E0064948D /* ChairsCollectionViewController.m */; };
		F565C1AA149057870064948D /* QuartzCore.framework in Frameworks */ = {isa = PBXBuildFile; fileRef = F565C1A9149057870064948D /* QuartzCore.framework */; };
		F565C1AE14905C2B0064948D /* libxml2.dylib in Frameworks */ = {isa = PBXBuildFile; fileRef = F565C1AD14905C2B0064948D /* libxml2.dylib */; };
/* End PBXBuildFile section */

/* Begin PBXFileReference section */
		CA1C181314B9F52A008BC44D /* Decoder.h */ = {isa = PBXFileReference; fileEncoding = 4; lastKnownFileType = sourcecode.c.h; path = Decoder.h; sourceTree = "<group>"; };
		CA1C181414B9F52A008BC44D /* Exception.h */ = {isa = PBXFileReference; fileEncoding = 4; lastKnownFileType = sourcecode.c.h; path = Exception.h; sourceTree = "<group>"; };
		CA1C181514B9F52A008BC44D /* Image.h */ = {isa = PBXFileReference; fileEncoding = 4; lastKnownFileType = sourcecode.c.h; path = Image.h; sourceTree = "<group>"; };
		CA1C181614B9F52A008BC44D /* ImageScanner.h */ = {isa = PBXFileReference; fileEncoding = 4; lastKnownFileType = sourcecode.c.h; path = ImageScanner.h; sourceTree = "<group>"; };
		CA1C181714B9F52A008BC44D /* Processor.h */ = {isa = PBXFileReference; fileEncoding = 4; lastKnownFileType = sourcecode.c.h; path = Processor.h; sourceTree = "<group>"; };
		CA1C181814B9F52A008BC44D /* Scanner.h */ = {isa = PBXFileReference; fileEncoding = 4; lastKnownFileType = sourcecode.c.h; path = Scanner.h; sourceTree = "<group>"; };
		CA1C181914B9F52A008BC44D /* Symbol.h */ = {isa = PBXFileReference; fileEncoding = 4; lastKnownFileType = sourcecode.c.h; path = Symbol.h; sourceTree = "<group>"; };
		CA1C181A14B9F52A008BC44D /* Video.h */ = {isa = PBXFileReference; fileEncoding = 4; lastKnownFileType = sourcecode.c.h; path = Video.h; sourceTree = "<group>"; };
		CA1C181B14B9F52A008BC44D /* Window.h */ = {isa = PBXFileReference; fileEncoding = 4; lastKnownFileType = sourcecode.c.h; path = Window.h; sourceTree = "<group>"; };
		CA1C181C14B9F52A008BC44D /* zbar.h */ = {isa = PBXFileReference; fileEncoding = 4; lastKnownFileType = sourcecode.c.h; path = zbar.h; sourceTree = "<group>"; };
		CA1C181D14B9F52A008BC44D /* ZBarCameraSimulator.h */ = {isa = PBXFileReference; fileEncoding = 4; lastKnownFileType = sourcecode.c.h; path = ZBarCameraSimulator.h; sourceTree = "<group>"; };
		CA1C181E14B9F52A008BC44D /* ZBarCaptureReader.h */ = {isa = PBXFileReference; fileEncoding = 4; lastKnownFileType = sourcecode.c.h; path = ZBarCaptureReader.h; sourceTree = "<group>"; };
		CA1C181F14B9F52A008BC44D /* ZBarHelpController.h */ = {isa = PBXFileReference; fileEncoding = 4; lastKnownFileType = sourcecode.c.h; path = ZBarHelpController.h; sourceTree = "<group>"; };
		CA1C182014B9F52A008BC44D /* ZBarImage.h */ = {isa = PBXFileReference; fileEncoding = 4; lastKnownFileType = sourcecode.c.h; path = ZBarImage.h; sourceTree = "<group>"; };
		CA1C182114B9F52A008BC44D /* ZBarImageScanner.h */ = {isa = PBXFileReference; fileEncoding = 4; lastKnownFileType = sourcecode.c.h; path = ZBarImageScanner.h; sourceTree = "<group>"; };
		CA1C182214B9F52A008BC44D /* ZBarReaderController.h */ = {isa = PBXFileReference; fileEncoding = 4; lastKnownFileType = sourcecode.c.h; path = ZBarReaderController.h; sourceTree = "<group>"; };
		CA1C182314B9F52A008BC44D /* ZBarReaderView.h */ = {isa = PBXFileReference; fileEncoding = 4; lastKnownFileType = sourcecode.c.h; path = ZBarReaderView.h; sourceTree = "<group>"; };
		CA1C182414B9F52A008BC44D /* ZBarReaderViewController.h */ = {isa = PBXFileReference; fileEncoding = 4; lastKnownFileType = sourcecode.c.h; path = ZBarReaderViewController.h; sourceTree = "<group>"; };
		CA1C182514B9F52A008BC44D /* ZBarSDK.h */ = {isa = PBXFileReference; fileEncoding = 4; lastKnownFileType = sourcecode.c.h; path = ZBarSDK.h; sourceTree = "<group>"; };
		CA1C182614B9F52A008BC44D /* ZBarSymbol.h */ = {isa = PBXFileReference; fileEncoding = 4; lastKnownFileType = sourcecode.c.h; path = ZBarSymbol.h; sourceTree = "<group>"; };
		CA1C182714B9F52A008BC44D /* libzbar.a */ = {isa = PBXFileReference; lastKnownFileType = archive.ar; path = libzbar.a; sourceTree = "<group>"; };
		CA1C182914B9F52A008BC44D /* zbar-back.png */ = {isa = PBXFileReference; lastKnownFileType = image.png; path = "zbar-back.png"; sourceTree = "<group>"; };
		CA1C182A14B9F52A008BC44D /* zbar-help.html */ = {isa = PBXFileReference; fileEncoding = 4; lastKnownFileType = text.html; path = "zbar-help.html"; sourceTree = "<group>"; };
		CA1C182B14B9F52A008BC44D /* zbar-helpicons.png */ = {isa = PBXFileReference; lastKnownFileType = image.png; path = "zbar-helpicons.png"; sourceTree = "<group>"; };
		CA1C182C14B9F52A008BC44D /* zbar-samples.png */ = {isa = PBXFileReference; lastKnownFileType = image.png; path = "zbar-samples.png"; sourceTree = "<group>"; };
		CA570E4F14B54C0F00F9EEF8 /* iCarousel.h */ = {isa = PBXFileReference; fileEncoding = 4; lastKnownFileType = sourcecode.c.h; path = iCarousel.h; sourceTree = "<group>"; };
		CA570E5014B54C0F00F9EEF8 /* iCarousel.m */ = {isa = PBXFileReference; fileEncoding = 4; lastKnownFileType = sourcecode.c.objc; path = iCarousel.m; sourceTree = "<group>"; };
		CA570E5214B54C0F00F9EEF8 /* JBKenBurnsView.h */ = {isa = PBXFileReference; fileEncoding = 4; lastKnownFileType = sourcecode.c.h; path = JBKenBurnsView.h; sourceTree = "<group>"; };
		CA570E5314B54C0F00F9EEF8 /* JBKenBurnsView.m */ = {isa = PBXFileReference; fileEncoding = 4; lastKnownFileType = sourcecode.c.objc; path = JBKenBurnsView.m; sourceTree = "<group>"; };
		CA570E5514B54C0F00F9EEF8 /* SVProgressHUD.bundle */ = {isa = PBXFileReference; lastKnownFileType = "wrapper.plug-in"; path = SVProgressHUD.bundle; sourceTree = "<group>"; };
		CA570E5614B54C0F00F9EEF8 /* SVProgressHUD.h */ = {isa = PBXFileReference; fileEncoding = 4; lastKnownFileType = sourcecode.c.h; path = SVProgressHUD.h; sourceTree = "<group>"; };
		CA570E5714B54C0F00F9EEF8 /* SVProgressHUD.m */ = {isa = PBXFileReference; fileEncoding = 4; lastKnownFileType = sourcecode.c.objc; path = SVProgressHUD.m; sourceTree = "<group>"; };
		CA570E5A14B54C0F00F9EEF8 /* bg_tile@2x.jpg */ = {isa = PBXFileReference; lastKnownFileType = image.jpeg; path = "bg_tile@2x.jpg"; sourceTree = "<group>"; };
		CA570E5B14B54C0F00F9EEF8 /* Default@2x.png */ = {isa = PBXFileReference; lastKnownFileType = image.png; path = "Default@2x.png"; sourceTree = "<group>"; };
		CA570E5C14B54C0F00F9EEF8 /* info@2x.png */ = {isa = PBXFileReference; lastKnownFileType = image.png; path = "info@2x.png"; sourceTree = "<group>"; };
		CA570E5D14B54C0F00F9EEF8 /* NavigationBar@2x.png */ = {isa = PBXFileReference; lastKnownFileType = image.png; path = "NavigationBar@2x.png"; sourceTree = "<group>"; };
		CA570E5E14B54C0F00F9EEF8 /* page.png */ = {isa = PBXFileReference; lastKnownFileType = image.png; path = page.png; sourceTree = "<group>"; };
		CA570E6014B54C0F00F9EEF8 /* 01.jpg */ = {isa = PBXFileReference; lastKnownFileType = image.jpeg; path = 01.jpg; sourceTree = "<group>"; };
		CA570E6114B54C0F00F9EEF8 /* 02.jpg */ = {isa = PBXFileReference; lastKnownFileType = image.jpeg; path = 02.jpg; sourceTree = "<group>"; };
		CA570E6214B54C0F00F9EEF8 /* 03.jpg */ = {isa = PBXFileReference; lastKnownFileType = image.jpeg; path = 03.jpg; sourceTree = "<group>"; };
		CA570E6314B54C0F00F9EEF8 /* 04.jpg */ = {isa = PBXFileReference; lastKnownFileType = image.jpeg; path = 04.jpg; sourceTree = "<group>"; };
		CA570E6414B54C0F00F9EEF8 /* 05.jpg */ = {isa = PBXFileReference; lastKnownFileType = image.jpeg; path = 05.jpg; sourceTree = "<group>"; };
		CA77416814CE37E100A83DC7 /* NSURLConnection+Blocks.h */ = {isa = PBXFileReference; fileEncoding = 4; lastKnownFileType = sourcecode.c.h; path = "NSURLConnection+Blocks.h"; sourceTree = "<group>"; };
		CA77416914CE37E100A83DC7 /* NSURLConnection+Blocks.m */ = {isa = PBXFileReference; fileEncoding = 4; lastKnownFileType = sourcecode.c.objc; path = "NSURLConnection+Blocks.m"; sourceTree = "<group>"; };
		CA84511514D63E5A00899727 /* Column_TopView.h */ = {isa = PBXFileReference; fileEncoding = 4; lastKnownFileType = sourcecode.c.h; path = Column_TopView.h; sourceTree = "<group>"; };
		CA84511614D63E5A00899727 /* Column_TopView.m */ = {isa = PBXFileReference; fileEncoding = 4; lastKnownFileType = sourcecode.c.objc; path = Column_TopView.m; sourceTree = "<group>"; };
		CADDBCDE14B66D42009C842F /* ColumnCell.h */ = {isa = PBXFileReference; fileEncoding = 4; lastKnownFileType = sourcecode.c.h; path = ColumnCell.h; sourceTree = "<group>"; };
		CADDBCDF14B66D42009C842F /* ColumnCell.m */ = {isa = PBXFileReference; fileEncoding = 4; lastKnownFileType = sourcecode.c.objc; path = ColumnCell.m; sourceTree = "<group>"; };
		CAF7733814B3D96F00CD93C6 /* ColumnViewController.h */ = {isa = PBXFileReference; fileEncoding = 4; lastKnownFileType = sourcecode.c.h; path = ColumnViewController.h; sourceTree = "<group>"; };
		CAF7733914B3D96F00CD93C6 /* ColumnViewController.m */ = {isa = PBXFileReference; fileEncoding = 4; lastKnownFileType = sourcecode.c.objc; path = ColumnViewController.m; sourceTree = "<group>"; };
		F50915F514D7862E003FDFF4 /* JSONKit.h */ = {isa = PBXFileReference; lastKnownFileType = sourcecode.c.h; path = JSONKit.h; sourceTree = "<group>"; };
		F50915F614D7862E003FDFF4 /* JSONKit.m */ = {isa = PBXFileReference; lastKnownFileType = sourcecode.c.objc; path = JSONKit.m; sourceTree = "<group>"; };
		F50915FA14D786B7003FDFF4 /* AFHTTPClient.h */ = {isa = PBXFileReference; fileEncoding = 4; lastKnownFileType = sourcecode.c.h; path = AFHTTPClient.h; sourceTree = "<group>"; };
		F50915FB14D786B7003FDFF4 /* AFHTTPClient.m */ = {isa = PBXFileReference; fileEncoding = 4; lastKnownFileType = sourcecode.c.objc; path = AFHTTPClient.m; sourceTree = "<group>"; };
		F50915FC14D786B7003FDFF4 /* AFHTTPRequestOperation.h */ = {isa = PBXFileReference; fileEncoding = 4; lastKnownFileType = sourcecode.c.h; path = AFHTTPRequestOperation.h; sourceTree = "<group>"; };
		F50915FD14D786B7003FDFF4 /* AFHTTPRequestOperation.m */ = {isa = PBXFileReference; fileEncoding = 4; lastKnownFileType = sourcecode.c.objc; path = AFHTTPRequestOperation.m; sourceTree = "<group>"; };
		F50915FE14D786B7003FDFF4 /* AFImageCache.h */ = {isa = PBXFileReference; fileEncoding = 4; lastKnownFileType = sourcecode.c.h; path = AFImageCache.h; sourceTree = "<group>"; };
		F50915FF14D786B7003FDFF4 /* AFImageCache.m */ = {isa = PBXFileReference; fileEncoding = 4; lastKnownFileType = sourcecode.c.objc; path = AFImageCache.m; sourceTree = "<group>"; };
		F509160014D786B7003FDFF4 /* AFImageRequestOperation.h */ = {isa = PBXFileReference; fileEncoding = 4; lastKnownFileType = sourcecode.c.h; path = AFImageRequestOperation.h; sourceTree = "<group>"; };
		F509160114D786B7003FDFF4 /* AFImageRequestOperation.m */ = {isa = PBXFileReference; fileEncoding = 4; lastKnownFileType = sourcecode.c.objc; path = AFImageRequestOperation.m; sourceTree = "<group>"; };
		F509160214D786B7003FDFF4 /* AFJSONRequestOperation.h */ = {isa = PBXFileReference; fileEncoding = 4; lastKnownFileType = sourcecode.c.h; path = AFJSONRequestOperation.h; sourceTree = "<group>"; };
		F509160314D786B7003FDFF4 /* AFJSONRequestOperation.m */ = {isa = PBXFileReference; fileEncoding = 4; lastKnownFileType = sourcecode.c.objc; path = AFJSONRequestOperation.m; sourceTree = "<group>"; };
		F509160414D786B7003FDFF4 /* AFNetworkActivityIndicatorManager.h */ = {isa = PBXFileReference; fileEncoding = 4; lastKnownFileType = sourcecode.c.h; path = AFNetworkActivityIndicatorManager.h; sourceTree = "<group>"; };
		F509160514D786B7003FDFF4 /* AFNetworkActivityIndicatorManager.m */ = {isa = PBXFileReference; fileEncoding = 4; lastKnownFileType = sourcecode.c.objc; path = AFNetworkActivityIndicatorManager.m; sourceTree = "<group>"; };
		F509160614D786B7003FDFF4 /* AFNetworking.h */ = {isa = PBXFileReference; fileEncoding = 4; lastKnownFileType = sourcecode.c.h; path = AFNetworking.h; sourceTree = "<group>"; };
		F509160714D786B7003FDFF4 /* AFPropertyListRequestOperation.h */ = {isa = PBXFileReference; fileEncoding = 4; lastKnownFileType = sourcecode.c.h; path = AFPropertyListRequestOperation.h; sourceTree = "<group>"; };
		F509160814D786B7003FDFF4 /* AFPropertyListRequestOperation.m */ = {isa = PBXFileReference; fileEncoding = 4; lastKnownFileType = sourcecode.c.objc; path = AFPropertyListRequestOperation.m; sourceTree = "<group>"; };
		F509160914D786B7003FDFF4 /* AFURLConnectionOperation.h */ = {isa = PBXFileReference; fileEncoding = 4; lastKnownFileType = sourcecode.c.h; path = AFURLConnectionOperation.h; sourceTree = "<group>"; };
		F509160A14D786B7003FDFF4 /* AFURLConnectionOperation.m */ = {isa = PBXFileReference; fileEncoding = 4; lastKnownFileType = sourcecode.c.objc; path = AFURLConnectionOperation.m; sourceTree = "<group>"; };
		F509160B14D786B7003FDFF4 /* AFXMLRequestOperation.h */ = {isa = PBXFileReference; fileEncoding = 4; lastKnownFileType = sourcecode.c.h; path = AFXMLRequestOperation.h; sourceTree = "<group>"; };
		F509160C14D786B7003FDFF4 /* AFXMLRequestOperation.m */ = {isa = PBXFileReference; fileEncoding = 4; lastKnownFileType = sourcecode.c.objc; path = AFXMLRequestOperation.m; sourceTree = "<group>"; };
		F509160D14D786B7003FDFF4 /* UIImageView+AFNetworking.h */ = {isa = PBXFileReference; fileEncoding = 4; lastKnownFileType = sourcecode.c.h; path = "UIImageView+AFNetworking.h"; sourceTree = "<group>"; };
		F509160E14D786B7003FDFF4 /* UIImageView+AFNetworking.m */ = {isa = PBXFileReference; fileEncoding = 4; lastKnownFileType = sourcecode.c.objc; path = "UIImageView+AFNetworking.m"; sourceTree = "<group>"; };
		F565C18114904F1C0064948D /* MobileArchi.app */ = {isa = PBXFileReference; explicitFileType = wrapper.application; includeInIndex = 0; path = MobileArchi.app; sourceTree = BUILT_PRODUCTS_DIR; };
		F565C18514904F1C0064948D /* UIKit.framework */ = {isa = PBXFileReference; lastKnownFileType = wrapper.framework; name = UIKit.framework; path = System/Library/Frameworks/UIKit.framework; sourceTree = SDKROOT; };
		F565C18714904F1C0064948D /* Foundation.framework */ = {isa = PBXFileReference; lastKnownFileType = wrapper.framework; name = Foundation.framework; path = System/Library/Frameworks/Foundation.framework; sourceTree = SDKROOT; };
		F565C18914904F1C0064948D /* CoreGraphics.framework */ = {isa = PBXFileReference; lastKnownFileType = wrapper.framework; name = CoreGraphics.framework; path = System/Library/Frameworks/CoreGraphics.framework; sourceTree = SDKROOT; };
		F565C18D14904F1C0064948D /* MobileArchi-Info.plist */ = {isa = PBXFileReference; lastKnownFileType = text.plist.xml; path = "MobileArchi-Info.plist"; sourceTree = "<group>"; };
		F565C18F14904F1C0064948D /* en */ = {isa = PBXFileReference; lastKnownFileType = text.plist.strings; name = en; path = en.lproj/InfoPlist.strings; sourceTree = "<group>"; };
		F565C19114904F1C0064948D /* main.m */ = {isa = PBXFileReference; lastKnownFileType = sourcecode.c.objc; path = main.m; sourceTree = "<group>"; };
		F565C19314904F1C0064948D /* MobileArchi-Prefix.pch */ = {isa = PBXFileReference; lastKnownFileType = sourcecode.c.h; path = "MobileArchi-Prefix.pch"; sourceTree = "<group>"; };
		F565C19414904F1C0064948D /* AppDelegate.h */ = {isa = PBXFileReference; lastKnownFileType = sourcecode.c.h; path = AppDelegate.h; sourceTree = "<group>"; };
		F565C19514904F1C0064948D /* AppDelegate.m */ = {isa = PBXFileReference; lastKnownFileType = sourcecode.c.objc; path = AppDelegate.m; sourceTree = "<group>"; };
		F565C19714904F1C0064948D /* MainViewController.h */ = {isa = PBXFileReference; lastKnownFileType = sourcecode.c.h; path = MainViewController.h; sourceTree = "<group>"; };
		F565C19814904F1C0064948D /* MainViewController.m */ = {isa = PBXFileReference; lastKnownFileType = sourcecode.c.objc; path = MainViewController.m; sourceTree = "<group>"; };
		F565C1A61490543E0064948D /* ChairsCollectionViewController.h */ = {isa = PBXFileReference; fileEncoding = 4; lastKnownFileType = sourcecode.c.h; path = ChairsCollectionViewController.h; sourceTree = "<group>"; };
		F565C1A71490543E0064948D /* ChairsCollectionViewController.m */ = {isa = PBXFileReference; fileEncoding = 4; lastKnownFileType = sourcecode.c.objc; path = ChairsCollectionViewController.m; sourceTree = "<group>"; };
		F565C1A9149057870064948D /* QuartzCore.framework */ = {isa = PBXFileReference; lastKnownFileType = wrapper.framework; name = QuartzCore.framework; path = System/Library/Frameworks/QuartzCore.framework; sourceTree = SDKROOT; };
		F565C1AD14905C2B0064948D /* libxml2.dylib */ = {isa = PBXFileReference; lastKnownFileType = "compiled.mach-o.dylib"; name = libxml2.dylib; path = usr/lib/libxml2.dylib; sourceTree = SDKROOT; };
/* End PBXFileReference section */

/* Begin PBXFrameworksBuildPhase section */
		F565C17E14904F1C0064948D /* Frameworks */ = {
			isa = PBXFrameworksBuildPhase;
			buildActionMask = 2147483647;
			files = (
				F565C1AE14905C2B0064948D /* libxml2.dylib in Frameworks */,
				F565C1AA149057870064948D /* QuartzCore.framework in Frameworks */,
				F565C18614904F1C0064948D /* UIKit.framework in Frameworks */,
				F565C18814904F1C0064948D /* Foundation.framework in Frameworks */,
				F565C18A14904F1C0064948D /* CoreGraphics.framework in Frameworks */,
				CA1C182D14B9F52A008BC44D /* libzbar.a in Frameworks */,
			);
			runOnlyForDeploymentPostprocessing = 0;
		};
/* End PBXFrameworksBuildPhase section */

/* Begin PBXGroup section */
		CA1C180F14B9F52A008BC44D /* ZBarSDK */ = {
			isa = PBXGroup;
			children = (
				CA1C181014B9F52A008BC44D /* Headers */,
				CA1C182714B9F52A008BC44D /* libzbar.a */,
				CA1C182814B9F52A008BC44D /* Resources */,
			);
			path = ZBarSDK;
			sourceTree = "<group>";
		};
		CA1C181014B9F52A008BC44D /* Headers */ = {
			isa = PBXGroup;
			children = (
				CA1C181114B9F52A008BC44D /* ZBarSDK */,
			);
			path = Headers;
			sourceTree = "<group>";
		};
		CA1C181114B9F52A008BC44D /* ZBarSDK */ = {
			isa = PBXGroup;
			children = (
				CA1C181214B9F52A008BC44D /* zbar */,
				CA1C181C14B9F52A008BC44D /* zbar.h */,
				CA1C181D14B9F52A008BC44D /* ZBarCameraSimulator.h */,
				CA1C181E14B9F52A008BC44D /* ZBarCaptureReader.h */,
				CA1C181F14B9F52A008BC44D /* ZBarHelpController.h */,
				CA1C182014B9F52A008BC44D /* ZBarImage.h */,
				CA1C182114B9F52A008BC44D /* ZBarImageScanner.h */,
				CA1C182214B9F52A008BC44D /* ZBarReaderController.h */,
				CA1C182314B9F52A008BC44D /* ZBarReaderView.h */,
				CA1C182414B9F52A008BC44D /* ZBarReaderViewController.h */,
				CA1C182514B9F52A008BC44D /* ZBarSDK.h */,
				CA1C182614B9F52A008BC44D /* ZBarSymbol.h */,
			);
			path = ZBarSDK;
			sourceTree = "<group>";
		};
		CA1C181214B9F52A008BC44D /* zbar */ = {
			isa = PBXGroup;
			children = (
				CA1C181314B9F52A008BC44D /* Decoder.h */,
				CA1C181414B9F52A008BC44D /* Exception.h */,
				CA1C181514B9F52A008BC44D /* Image.h */,
				CA1C181614B9F52A008BC44D /* ImageScanner.h */,
				CA1C181714B9F52A008BC44D /* Processor.h */,
				CA1C181814B9F52A008BC44D /* Scanner.h */,
				CA1C181914B9F52A008BC44D /* Symbol.h */,
				CA1C181A14B9F52A008BC44D /* Video.h */,
				CA1C181B14B9F52A008BC44D /* Window.h */,
			);
			path = zbar;
			sourceTree = "<group>";
		};
		CA1C182814B9F52A008BC44D /* Resources */ = {
			isa = PBXGroup;
			children = (
				CA1C182914B9F52A008BC44D /* zbar-back.png */,
				CA1C182A14B9F52A008BC44D /* zbar-help.html */,
				CA1C182B14B9F52A008BC44D /* zbar-helpicons.png */,
				CA1C182C14B9F52A008BC44D /* zbar-samples.png */,
			);
			path = Resources;
			sourceTree = "<group>";
		};
		CA570E4314B54C0F00F9EEF8 /* Library */ = {
			isa = PBXGroup;
			children = (
				CA1C180F14B9F52A008BC44D /* ZBarSDK */,
				CA570E4E14B54C0F00F9EEF8 /* iCarousel */,
				CA570E5114B54C0F00F9EEF8 /* KenBurns */,
				CA570E5414B54C0F00F9EEF8 /* SVProgressHUD */,
			);
			path = Library;
			sourceTree = "<group>";
		};
		CA570E4E14B54C0F00F9EEF8 /* iCarousel */ = {
			isa = PBXGroup;
			children = (
				CA570E4F14B54C0F00F9EEF8 /* iCarousel.h */,
				CA570E5014B54C0F00F9EEF8 /* iCarousel.m */,
			);
			path = iCarousel;
			sourceTree = "<group>";
		};
		CA570E5114B54C0F00F9EEF8 /* KenBurns */ = {
			isa = PBXGroup;
			children = (
				CA570E5214B54C0F00F9EEF8 /* JBKenBurnsView.h */,
				CA570E5314B54C0F00F9EEF8 /* JBKenBurnsView.m */,
			);
			path = KenBurns;
			sourceTree = "<group>";
		};
		CA570E5414B54C0F00F9EEF8 /* SVProgressHUD */ = {
			isa = PBXGroup;
			children = (
				CA570E5514B54C0F00F9EEF8 /* SVProgressHUD.bundle */,
				CA570E5614B54C0F00F9EEF8 /* SVProgressHUD.h */,
				CA570E5714B54C0F00F9EEF8 /* SVProgressHUD.m */,
			);
			path = SVProgressHUD;
			sourceTree = "<group>";
		};
		CA570E5814B54C0F00F9EEF8 /* Resource */ = {
			isa = PBXGroup;
			children = (
				CA570E5914B54C0F00F9EEF8 /* Base */,
				CA570E5F14B54C0F00F9EEF8 /* Slide */,
			);
			path = Resource;
			sourceTree = "<group>";
		};
		CA570E5914B54C0F00F9EEF8 /* Base */ = {
			isa = PBXGroup;
			children = (
				CA570E5A14B54C0F00F9EEF8 /* bg_tile@2x.jpg */,
				CA570E5B14B54C0F00F9EEF8 /* Default@2x.png */,
				CA570E5C14B54C0F00F9EEF8 /* info@2x.png */,
				CA570E5D14B54C0F00F9EEF8 /* NavigationBar@2x.png */,
				CA570E5E14B54C0F00F9EEF8 /* page.png */,
			);
			path = Base;
			sourceTree = "<group>";
		};
		CA570E5F14B54C0F00F9EEF8 /* Slide */ = {
			isa = PBXGroup;
			children = (
				CA570E6014B54C0F00F9EEF8 /* 01.jpg */,
				CA570E6114B54C0F00F9EEF8 /* 02.jpg */,
				CA570E6214B54C0F00F9EEF8 /* 03.jpg */,
				CA570E6314B54C0F00F9EEF8 /* 04.jpg */,
				CA570E6414B54C0F00F9EEF8 /* 05.jpg */,
			);
			path = Slide;
			sourceTree = "<group>";
		};
		F50915F814D7864A003FDFF4 /* JSONKit */ = {
			isa = PBXGroup;
			children = (
				F50915F514D7862E003FDFF4 /* JSONKit.h */,
				F50915F614D7862E003FDFF4 /* JSONKit.m */,
			);
			name = JSONKit;
			sourceTree = "<group>";
		};
		F50915F914D786B7003FDFF4 /* AFNetworking */ = {
			isa = PBXGroup;
			children = (
				F50915FA14D786B7003FDFF4 /* AFHTTPClient.h */,
				F50915FB14D786B7003FDFF4 /* AFHTTPClient.m */,
				F50915FC14D786B7003FDFF4 /* AFHTTPRequestOperation.h */,
				F50915FD14D786B7003FDFF4 /* AFHTTPRequestOperation.m */,
				F50915FE14D786B7003FDFF4 /* AFImageCache.h */,
				F50915FF14D786B7003FDFF4 /* AFImageCache.m */,
				F509160014D786B7003FDFF4 /* AFImageRequestOperation.h */,
				F509160114D786B7003FDFF4 /* AFImageRequestOperation.m */,
				F509160214D786B7003FDFF4 /* AFJSONRequestOperation.h */,
				F509160314D786B7003FDFF4 /* AFJSONRequestOperation.m */,
				F509160414D786B7003FDFF4 /* AFNetworkActivityIndicatorManager.h */,
				F509160514D786B7003FDFF4 /* AFNetworkActivityIndicatorManager.m */,
				F509160614D786B7003FDFF4 /* AFNetworking.h */,
				F509160714D786B7003FDFF4 /* AFPropertyListRequestOperation.h */,
				F509160814D786B7003FDFF4 /* AFPropertyListRequestOperation.m */,
				F509160914D786B7003FDFF4 /* AFURLConnectionOperation.h */,
				F509160A14D786B7003FDFF4 /* AFURLConnectionOperation.m */,
				F509160B14D786B7003FDFF4 /* AFXMLRequestOperation.h */,
				F509160C14D786B7003FDFF4 /* AFXMLRequestOperation.m */,
				F509160D14D786B7003FDFF4 /* UIImageView+AFNetworking.h */,
				F509160E14D786B7003FDFF4 /* UIImageView+AFNetworking.m */,
			);
			path = AFNetworking;
			sourceTree = "<group>";
		};
		F565C17614904F1C0064948D = {
			isa = PBXGroup;
			children = (
				F565C18B14904F1C0064948D /* MACC */,
				F565C18414904F1C0064948D /* Frameworks */,
				F565C18214904F1C0064948D /* Products */,
			);
			sourceTree = "<group>";
		};
		F565C18214904F1C0064948D /* Products */ = {
			isa = PBXGroup;
			children = (
				F565C18114904F1C0064948D /* MobileArchi.app */,
			);
			name = Products;
			sourceTree = "<group>";
		};
		F565C18414904F1C0064948D /* Frameworks */ = {
			isa = PBXGroup;
			children = (
				F565C1AD14905C2B0064948D /* libxml2.dylib */,
				F565C1A9149057870064948D /* QuartzCore.framework */,
				F565C18514904F1C0064948D /* UIKit.framework */,
				F565C18714904F1C0064948D /* Foundation.framework */,
				F565C18914904F1C0064948D /* CoreGraphics.framework */,
			);
			name = Frameworks;
			sourceTree = "<group>";
		};
		F565C18B14904F1C0064948D /* MACC */ = {
			isa = PBXGroup;
			children = (
				F50915F914D786B7003FDFF4 /* AFNetworking */,
				F50915F814D7864A003FDFF4 /* JSONKit */,
				F565C19414904F1C0064948D /* AppDelegate.h */,
				F565C19514904F1C0064948D /* AppDelegate.m */,
				F565C19714904F1C0064948D /* MainViewController.h */,
				F565C19814904F1C0064948D /* MainViewController.m */,
				CAF7733814B3D96F00CD93C6 /* ColumnViewController.h */,
				CAF7733914B3D96F00CD93C6 /* ColumnViewController.m */,
				CA84511514D63E5A00899727 /* Column_TopView.h */,
				CA84511614D63E5A00899727 /* Column_TopView.m */,
				CADDBCDE14B66D42009C842F /* ColumnCell.h */,
				CADDBCDF14B66D42009C842F /* ColumnCell.m */,
				F565C1A61490543E0064948D /* ChairsCollectionViewController.h */,
				F565C1A71490543E0064948D /* ChairsCollectionViewController.m */,
				CA77416814CE37E100A83DC7 /* NSURLConnection+Blocks.h */,
				CA77416914CE37E100A83DC7 /* NSURLConnection+Blocks.m */,
				CA570E4314B54C0F00F9EEF8 /* Library */,
				CA570E5814B54C0F00F9EEF8 /* Resource */,
				F565C18C14904F1C0064948D /* Supporting Files */,
			);
			path = MACC;
			sourceTree = "<group>";
		};
		F565C18C14904F1C0064948D /* Supporting Files */ = {
			isa = PBXGroup;
			children = (
				F565C18D14904F1C0064948D /* MobileArchi-Info.plist */,
				F565C18E14904F1C0064948D /* InfoPlist.strings */,
				F565C19114904F1C0064948D /* main.m */,
				F565C19314904F1C0064948D /* MobileArchi-Prefix.pch */,
			);
			name = "Supporting Files";
			sourceTree = "<group>";
		};
/* End PBXGroup section */

/* Begin PBXNativeTarget section */
		F565C18014904F1C0064948D /* MobileArchi */ = {
			isa = PBXNativeTarget;
			buildConfigurationList = F565C19F14904F1C0064948D /* Build configuration list for PBXNativeTarget "MobileArchi" */;
			buildPhases = (
				F565C17D14904F1C0064948D /* Sources */,
				F565C17E14904F1C0064948D /* Frameworks */,
				F565C17F14904F1C0064948D /* Resources */,
			);
			buildRules = (
			);
			dependencies = (
			);
			name = MobileArchi;
			productName = MACC;
			productReference = F565C18114904F1C0064948D /* MobileArchi.app */;
			productType = "com.apple.product-type.application";
		};
/* End PBXNativeTarget section */

/* Begin PBXProject section */
		F565C17814904F1C0064948D /* Project object */ = {
			isa = PBXProject;
			attributes = {
				LastUpgradeCheck = 0430;
			};
			buildConfigurationList = F565C17B14904F1C0064948D /* Build configuration list for PBXProject "MobileArchi" */;
			compatibilityVersion = "Xcode 3.2";
			developmentRegion = English;
			hasScannedForEncodings = 0;
			knownRegions = (
				en,
			);
			mainGroup = F565C17614904F1C0064948D;
			productRefGroup = F565C18214904F1C0064948D /* Products */;
			projectDirPath = "";
			projectRoot = "";
			targets = (
				F565C18014904F1C0064948D /* MobileArchi */,
			);
		};
/* End PBXProject section */

/* Begin PBXResourcesBuildPhase section */
		F565C17F14904F1C0064948D /* Resources */ = {
			isa = PBXResourcesBuildPhase;
			buildActionMask = 2147483647;
			files = (
				F565C19014904F1C0064948D /* InfoPlist.strings in Resources */,
				CA570E6E14B54C0F00F9EEF8 /* SVProgressHUD.bundle in Resources */,
				CA570E7014B54C0F00F9EEF8 /* bg_tile@2x.jpg in Resources */,
				CA570E7114B54C0F00F9EEF8 /* Default@2x.png in Resources */,
				CA570E7214B54C0F00F9EEF8 /* info@2x.png in Resources */,
				CA570E7314B54C0F00F9EEF8 /* NavigationBar@2x.png in Resources */,
				CA570E7414B54C0F00F9EEF8 /* page.png in Resources */,
				CA570E7514B54C0F00F9EEF8 /* 01.jpg in Resources */,
				CA570E7614B54C0F00F9EEF8 /* 02.jpg in Resources */,
				CA570E7714B54C0F00F9EEF8 /* 03.jpg in Resources */,
				CA570E7814B54C0F00F9EEF8 /* 04.jpg in Resources */,
				CA570E7914B54C0F00F9EEF8 /* 05.jpg in Resources */,
				CA1C182E14B9F52A008BC44D /* zbar-back.png in Resources */,
				CA1C182F14B9F52A008BC44D /* zbar-help.html in Resources */,
				CA1C183014B9F52A008BC44D /* zbar-helpicons.png in Resources */,
				CA1C183114B9F52A008BC44D /* zbar-samples.png in Resources */,
			);
			runOnlyForDeploymentPostprocessing = 0;
		};
/* End PBXResourcesBuildPhase section */

/* Begin PBXSourcesBuildPhase section */
		F565C17D14904F1C0064948D /* Sources */ = {
			isa = PBXSourcesBuildPhase;
			buildActionMask = 2147483647;
			files = (
				F565C19214904F1C0064948D /* main.m in Sources */,
				F565C19614904F1C0064948D /* AppDelegate.m in Sources */,
				F565C19914904F1C0064948D /* MainViewController.m in Sources */,
				F565C1A81490543E0064948D /* ChairsCollectionViewController.m in Sources */,
				CAF7733A14B3D96F00CD93C6 /* ColumnViewController.m in Sources */,
				CA570E6C14B54C0F00F9EEF8 /* iCarousel.m in Sources */,
				CA570E6D14B54C0F00F9EEF8 /* JBKenBurnsView.m in Sources */,
				CA570E6F14B54C0F00F9EEF8 /* SVProgressHUD.m in Sources */,
				CADDBCE014B66D42009C842F /* ColumnCell.m in Sources */,
				CA77416A14CE37E100A83DC7 /* NSURLConnection+Blocks.m in Sources */,
				CA84511714D63E5A00899727 /* Column_TopView.m in Sources */,
				F509160F14D786B7003FDFF4 /* AFHTTPClient.m in Sources */,
				F509161014D786B7003FDFF4 /* AFHTTPRequestOperation.m in Sources */,
				F509161114D786B7003FDFF4 /* AFImageCache.m in Sources */,
				F509161214D786B7003FDFF4 /* AFImageRequestOperation.m in Sources */,
				F509161314D786B7003FDFF4 /* AFJSONRequestOperation.m in Sources */,
				F509161414D786B7003FDFF4 /* AFNetworkActivityIndicatorManager.m in Sources */,
				F509161514D786B7003FDFF4 /* AFPropertyListRequestOperation.m in Sources */,
				F509161614D786B7003FDFF4 /* AFURLConnectionOperation.m in Sources */,
				F509161714D786B7003FDFF4 /* AFXMLRequestOperation.m in Sources */,
				F509161814D786B7003FDFF4 /* UIImageView+AFNetworking.m in Sources */,
			);
			runOnlyForDeploymentPostprocessing = 0;
		};
/* End PBXSourcesBuildPhase section */

/* Begin PBXVariantGroup section */
		F565C18E14904F1C0064948D /* InfoPlist.strings */ = {
			isa = PBXVariantGroup;
			children = (
				F565C18F14904F1C0064948D /* en */,
			);
			name = InfoPlist.strings;
			sourceTree = "<group>";
		};
/* End PBXVariantGroup section */

/* Begin XCBuildConfiguration section */
		F565C19D14904F1C0064948D /* Debug */ = {
			isa = XCBuildConfiguration;
			buildSettings = {
				ALWAYS_SEARCH_USER_PATHS = NO;
				ARCHS = "$(ARCHS_STANDARD_32_BIT)";
				CLANG_ENABLE_OBJC_ARC = YES;
				CODE_SIGN_IDENTITY = "iPhone Developer: masashi mizuno (WKBCPVLV3R)";
				"CODE_SIGN_IDENTITY[sdk=iphoneos*]" = "iPhone Developer: masashi mizuno (WKBCPVLV3R)";
				COPY_PHASE_STRIP = NO;
				GCC_C_LANGUAGE_STANDARD = gnu99;
				GCC_DYNAMIC_NO_PIC = NO;
				GCC_OPTIMIZATION_LEVEL = 0;
				GCC_PREPROCESSOR_DEFINITIONS = (
					"DEBUG=1",
					"$(inherited)",
				);
				GCC_SYMBOLS_PRIVATE_EXTERN = NO;
				GCC_VERSION = com.apple.compilers.llvm.clang.1_0;
				GCC_WARN_ABOUT_MISSING_PROTOTYPES = YES;
				GCC_WARN_ABOUT_RETURN_TYPE = YES;
				GCC_WARN_UNUSED_VARIABLE = YES;
				IPHONEOS_DEPLOYMENT_TARGET = 4.3;
				PROVISIONING_PROFILE = "D4FFE41D-2973-47F5-BAC1-72A897F932E5";
				"PROVISIONING_PROFILE[sdk=iphoneos*]" = "D4FFE41D-2973-47F5-BAC1-72A897F932E5";
				SDKROOT = iphoneos;
			};
			name = Debug;
		};
		F565C19E14904F1C0064948D /* Release */ = {
			isa = XCBuildConfiguration;
			buildSettings = {
				ALWAYS_SEARCH_USER_PATHS = NO;
				ARCHS = "$(ARCHS_STANDARD_32_BIT)";
				CLANG_ENABLE_OBJC_ARC = YES;
				CODE_SIGN_IDENTITY = "iPhone Distribution: ss kikaku ltd";
				"CODE_SIGN_IDENTITY[sdk=iphoneos*]" = "iPhone Distribution: ss kikaku ltd";
				COPY_PHASE_STRIP = YES;
				GCC_C_LANGUAGE_STANDARD = gnu99;
				GCC_VERSION = com.apple.compilers.llvm.clang.1_0;
				GCC_WARN_ABOUT_MISSING_PROTOTYPES = YES;
				GCC_WARN_ABOUT_RETURN_TYPE = YES;
				GCC_WARN_UNUSED_VARIABLE = YES;
				IPHONEOS_DEPLOYMENT_TARGET = 4.3;
				OTHER_CFLAGS = "-DNS_BLOCK_ASSERTIONS=1";
				PROVISIONING_PROFILE = "DC4264EB-B618-4090-8D2D-35138A575E80";
				"PROVISIONING_PROFILE[sdk=iphoneos*]" = "DC4264EB-B618-4090-8D2D-35138A575E80";
				SDKROOT = iphoneos;
				VALIDATE_PRODUCT = YES;
			};
			name = Release;
		};
		F565C1A014904F1C0064948D /* Debug */ = {
			isa = XCBuildConfiguration;
			buildSettings = {
				CODE_SIGN_IDENTITY = "iPhone Developer: masashi mizuno (WKBCPVLV3R)";
				"CODE_SIGN_IDENTITY[sdk=iphoneos*]" = "iPhone Developer: masashi mizuno (WKBCPVLV3R)";
				GCC_PRECOMPILE_PREFIX_HEADER = YES;
				GCC_PREFIX_HEADER = "MACC/MobileArchi-Prefix.pch";
				HEADER_SEARCH_PATHS = "${SDKROOT}/usr/include/libxml2";
				INFOPLIST_FILE = "MACC/MobileArchi-Info.plist";
				IPHONEOS_DEPLOYMENT_TARGET = 4.3;
				LIBRARY_SEARCH_PATHS = (
					"$(inherited)",
					"\"$(SRCROOT)/MACC/Library/ZBarSDK\"",
				);
				OTHER_LDFLAGS = "-lxml2";
				PRODUCT_NAME = MobileArchi;
				PROVISIONING_PROFILE = "D4FFE41D-2973-47F5-BAC1-72A897F932E5";
				"PROVISIONING_PROFILE[sdk=iphoneos*]" = "D4FFE41D-2973-47F5-BAC1-72A897F932E5";
				WRAPPER_EXTENSION = app;
			};
			name = Debug;
		};
		F565C1A114904F1C0064948D /* Release */ = {
			isa = XCBuildConfiguration;
			buildSettings = {
				CODE_SIGN_IDENTITY = "iPhone Distribution: ss kikaku ltd";
				"CODE_SIGN_IDENTITY[sdk=iphoneos*]" = "iPhone Distribution: ss kikaku ltd";
				GCC_PRECOMPILE_PREFIX_HEADER = YES;
				GCC_PREFIX_HEADER = "MACC/MobileArchi-Prefix.pch";
				HEADER_SEARCH_PATHS = "${SDKROOT}/usr/include/libxml2";
				INFOPLIST_FILE = "MACC/MobileArchi-Info.plist";
				IPHONEOS_DEPLOYMENT_TARGET = 4.3;
				LIBRARY_SEARCH_PATHS = (
					"$(inherited)",
					"\"$(SRCROOT)/MACC/Library/ZBarSDK\"",
				);
				OTHER_LDFLAGS = "-lxml2";
				PRODUCT_NAME = MobileArchi;
				PROVISIONING_PROFILE = "DC4264EB-B618-4090-8D2D-35138A575E80";
				"PROVISIONING_PROFILE[sdk=iphoneos*]" = "DC4264EB-B618-4090-8D2D-35138A575E80";
				WRAPPER_EXTENSION = app;
			};
			name = Release;
		};
/* End XCBuildConfiguration section */

/* Begin XCConfigurationList section */
		F565C17B14904F1C0064948D /* Build configuration list for PBXProject "MobileArchi" */ = {
			isa = XCConfigurationList;
			buildConfigurations = (
				F565C19D14904F1C0064948D /* Debug */,
				F565C19E14904F1C0064948D /* Release */,
			);
			defaultConfigurationIsVisible = 0;
			defaultConfigurationName = Release;
		};
		F565C19F14904F1C0064948D /* Build configuration list for PBXNativeTarget "MobileArchi" */ = {
			isa = XCConfigurationList;
			buildConfigurations = (
				F565C1A014904F1C0064948D /* Debug */,
				F565C1A114904F1C0064948D /* Release */,
			);
			defaultConfigurationIsVisible = 0;
			defaultConfigurationName = Release;
		};
/* End XCConfigurationList section */
	};
	rootObject = F565C17814904F1C0064948D /* Project object */;
}
